// !$*UTF8*$!
{
	archiveVersion = 1;
	classes = {
	};
	objectVersion = 77;
	objects = {

/* Begin PBXBuildFile section */
		E5C4BBC82E20BE6A00F54927 /* Assets.xcassets in Resources */ = {isa = PBXBuildFile; fileRef = E5C4BB982E20BE6A00F54927 /* Assets.xcassets */; };
		E5C4BBC92E20BE6A00F54927 /* BasePreview.swift in Sources */ = {isa = PBXBuildFile; fileRef = E5C4BB9A2E20BE6A00F54927 /* BasePreview.swift */; };
		E5C4BBCA2E20BE6A00F54927 /* BaseView.swift in Sources */ = {isa = PBXBuildFile; fileRef = E5C4BB9B2E20BE6A00F54927 /* BaseView.swift */; };
		E5C4BBCB2E20BE6A00F54927 /* BaseViewModel.swift in Sources */ = {isa = PBXBuildFile; fileRef = E5C4BB9C2E20BE6A00F54927 /* BaseViewModel.swift */; };
		E5C4BBCC2E20BE6A00F54927 /* NavigationExtension.swift in Sources */ = {isa = PBXBuildFile; fileRef = E5C4BB9E2E20BE6A00F54927 /* NavigationExtension.swift */; };
		E5C4BBCD2E20BE6A00F54927 /* Diary.swift in Sources */ = {isa = PBXBuildFile; fileRef = E5C4BBA12E20BE6A00F54927 /* Diary.swift */; };
		E5C4BBCE2E20BE6A00F54927 /* Router.swift in Sources */ = {isa = PBXBuildFile; fileRef = E5C4BBA52E20BE6A00F54927 /* Router.swift */; };
		E5C4BBCF2E20BE6A00F54927 /* RouterView.swift in Sources */ = {isa = PBXBuildFile; fileRef = E5C4BBA62E20BE6A00F54927 /* RouterView.swift */; };
		E5C4BBD02E20BE6A00F54927 /* RouterViewState.swift in Sources */ = {isa = PBXBuildFile; fileRef = E5C4BBA72E20BE6A00F54927 /* RouterViewState.swift */; };
		E5C4BBD12E20BE6A00F54927 /* IconButton.swift in Sources */ = {isa = PBXBuildFile; fileRef = E5C4BBA92E20BE6A00F54927 /* IconButton.swift */; };
		E5C4BBD22E20BE6A00F54927 /* Layout.swift in Sources */ = {isa = PBXBuildFile; fileRef = E5C4BBAB2E20BE6A00F54927 /* Layout.swift */; };
		E5C4BBD32E20BE6A00F54927 /* Title.swift in Sources */ = {isa = PBXBuildFile; fileRef = E5C4BBAC2E20BE6A00F54927 /* Title.swift */; };
		E5C4BBD42E20BE6A00F54927 /* Toolbar.swift in Sources */ = {isa = PBXBuildFile; fileRef = E5C4BBAD2E20BE6A00F54927 /* Toolbar.swift */; };
		E5C4BBD52E20BE6A00F54927 /* BreathView.swift in Sources */ = {isa = PBXBuildFile; fileRef = E5C4BBB12E20BE6A00F54927 /* BreathView.swift */; };
		E5C4BBD62E20BE6A00F54927 /* BreathState.swift in Sources */ = {isa = PBXBuildFile; fileRef = E5C4BBB32E20BE6A00F54927 /* BreathState.swift */; };
		E5C4BBD72E20BE6A00F54927 /* BreathViewModel.swift in Sources */ = {isa = PBXBuildFile; fileRef = E5C4BBB42E20BE6A00F54927 /* BreathViewModel.swift */; };
		E5C4BBDB2E20BE6A00F54927 /* HomeVIew.swift in Sources */ = {isa = PBXBuildFile; fileRef = E5C4BBBC2E20BE6A00F54927 /* HomeVIew.swift */; };
		E5C4BBDC2E20BE6A00F54927 /* HomeViewModel.swift in Sources */ = {isa = PBXBuildFile; fileRef = E5C4BBBD2E20BE6A00F54927 /* HomeViewModel.swift */; };
		E5C4BBDD2E20BE6A00F54927 /* HomeViewState.swift in Sources */ = {isa = PBXBuildFile; fileRef = E5C4BBBE2E20BE6A00F54927 /* HomeViewState.swift */; };
		E5C4BBDE2E20BE6A00F54927 /* SplashView.swift in Sources */ = {isa = PBXBuildFile; fileRef = E5C4BBC02E20BE6A00F54927 /* SplashView.swift */; };
		E5C4BBDF2E20BE6A00F54927 /* SplashViewModel.swift in Sources */ = {isa = PBXBuildFile; fileRef = E5C4BBC12E20BE6A00F54927 /* SplashViewModel.swift */; };
		E5C4BBE02E20BE6A00F54927 /* SplashVIewState.swift in Sources */ = {isa = PBXBuildFile; fileRef = E5C4BBC22E20BE6A00F54927 /* SplashVIewState.swift */; };
		E5C4BBE12E20BE6A00F54927 /* Main.swift in Sources */ = {isa = PBXBuildFile; fileRef = E5C4BBC62E20BE6A00F54927 /* Main.swift */; };
/* End PBXBuildFile section */

/* Begin PBXFileReference section */
		E5C4B4EE2E1F48A400F54927 /* WhatSoundStudy.app */ = {isa = PBXFileReference; explicitFileType = wrapper.application; includeInIndex = 0; path = WhatSoundStudy.app; sourceTree = BUILT_PRODUCTS_DIR; };
		E5C4BB982E20BE6A00F54927 /* Assets.xcassets */ = {isa = PBXFileReference; lastKnownFileType = folder.assetcatalog; path = Assets.xcassets; sourceTree = "<group>"; };
		E5C4BB9A2E20BE6A00F54927 /* BasePreview.swift */ = {isa = PBXFileReference; lastKnownFileType = sourcecode.swift; path = BasePreview.swift; sourceTree = "<group>"; };
		E5C4BB9B2E20BE6A00F54927 /* BaseView.swift */ = {isa = PBXFileReference; lastKnownFileType = sourcecode.swift; path = BaseView.swift; sourceTree = "<group>"; };
		E5C4BB9C2E20BE6A00F54927 /* BaseViewModel.swift */ = {isa = PBXFileReference; lastKnownFileType = sourcecode.swift; path = BaseViewModel.swift; sourceTree = "<group>"; };
		E5C4BB9E2E20BE6A00F54927 /* NavigationExtension.swift */ = {isa = PBXFileReference; lastKnownFileType = sourcecode.swift; path = NavigationExtension.swift; sourceTree = "<group>"; };
		E5C4BBA12E20BE6A00F54927 /* Diary.swift */ = {isa = PBXFileReference; lastKnownFileType = sourcecode.swift; path = Diary.swift; sourceTree = "<group>"; };
		E5C4BBA52E20BE6A00F54927 /* Router.swift */ = {isa = PBXFileReference; lastKnownFileType = sourcecode.swift; path = Router.swift; sourceTree = "<group>"; };
		E5C4BBA62E20BE6A00F54927 /* RouterView.swift */ = {isa = PBXFileReference; lastKnownFileType = sourcecode.swift; path = RouterView.swift; sourceTree = "<group>"; };
		E5C4BBA72E20BE6A00F54927 /* RouterViewState.swift */ = {isa = PBXFileReference; lastKnownFileType = sourcecode.swift; path = RouterViewState.swift; sourceTree = "<group>"; };
		E5C4BBA92E20BE6A00F54927 /* IconButton.swift */ = {isa = PBXFileReference; lastKnownFileType = sourcecode.swift; path = IconButton.swift; sourceTree = "<group>"; };
		E5C4BBAB2E20BE6A00F54927 /* Layout.swift */ = {isa = PBXFileReference; lastKnownFileType = sourcecode.swift; path = Layout.swift; sourceTree = "<group>"; };
		E5C4BBAC2E20BE6A00F54927 /* Title.swift */ = {isa = PBXFileReference; lastKnownFileType = sourcecode.swift; path = Title.swift; sourceTree = "<group>"; };
		E5C4BBAD2E20BE6A00F54927 /* Toolbar.swift */ = {isa = PBXFileReference; lastKnownFileType = sourcecode.swift; path = Toolbar.swift; sourceTree = "<group>"; };
		E5C4BBB12E20BE6A00F54927 /* BreathView.swift */ = {isa = PBXFileReference; lastKnownFileType = sourcecode.swift; path = BreathView.swift; sourceTree = "<group>"; };
		E5C4BBB32E20BE6A00F54927 /* BreathState.swift */ = {isa = PBXFileReference; lastKnownFileType = sourcecode.swift; path = BreathState.swift; sourceTree = "<group>"; };
		E5C4BBB42E20BE6A00F54927 /* BreathViewModel.swift */ = {isa = PBXFileReference; lastKnownFileType = sourcecode.swift; path = BreathViewModel.swift; sourceTree = "<group>"; };
		E5C4BBBC2E20BE6A00F54927 /* HomeVIew.swift */ = {isa = PBXFileReference; lastKnownFileType = sourcecode.swift; path = HomeVIew.swift; sourceTree = "<group>"; };
		E5C4BBBD2E20BE6A00F54927 /* HomeViewModel.swift */ = {isa = PBXFileReference; lastKnownFileType = sourcecode.swift; path = HomeViewModel.swift; sourceTree = "<group>"; };
		E5C4BBBE2E20BE6A00F54927 /* HomeViewState.swift */ = {isa = PBXFileReference; lastKnownFileType = sourcecode.swift; path = HomeViewState.swift; sourceTree = "<group>"; };
		E5C4BBC02E20BE6A00F54927 /* SplashView.swift */ = {isa = PBXFileReference; lastKnownFileType = sourcecode.swift; path = SplashView.swift; sourceTree = "<group>"; };
		E5C4BBC12E20BE6A00F54927 /* SplashViewModel.swift */ = {isa = PBXFileReference; lastKnownFileType = sourcecode.swift; path = SplashViewModel.swift; sourceTree = "<group>"; };
		E5C4BBC22E20BE6A00F54927 /* SplashVIewState.swift */ = {isa = PBXFileReference; lastKnownFileType = sourcecode.swift; path = SplashVIewState.swift; sourceTree = "<group>"; };
		E5C4BBC62E20BE6A00F54927 /* Main.swift */ = {isa = PBXFileReference; lastKnownFileType = sourcecode.swift; path = Main.swift; sourceTree = "<group>"; };
/* End PBXFileReference section */

/* Begin PBXFileSystemSynchronizedRootGroup section */
		E5C4BBE42E20BFD800F54927 /* View */ = {
			isa = PBXFileSystemSynchronizedRootGroup;
			path = View;
			sourceTree = "<group>";
		};
		E5C4BBE52E20C01300F54927 /* ViewModel */ = {
			isa = PBXFileSystemSynchronizedRootGroup;
			path = ViewModel;
			sourceTree = "<group>";
		};
/* End PBXFileSystemSynchronizedRootGroup section */

/* Begin PBXFrameworksBuildPhase section */
		E537B87B2E1E8D7100309C49 /* Frameworks */ = {
			isa = PBXFrameworksBuildPhase;
			buildActionMask = 2147483647;
			files = (
			);
			runOnlyForDeploymentPostprocessing = 0;
		};
/* End PBXFrameworksBuildPhase section */

/* Begin PBXGroup section */
		E537B8752E1E8D7100309C49 = {
			isa = PBXGroup;
			children = (
				E5C4BBC72E20BE6A00F54927 /* WhatSoundStudy */,
				E5C4B4EE2E1F48A400F54927 /* WhatSoundStudy.app */,
			);
			sourceTree = "<group>";
		};
		E5C4BB992E20BE6A00F54927 /* assests */ = {
			isa = PBXGroup;
			children = (
				E5C4BB982E20BE6A00F54927 /* Assets.xcassets */,
			);
			path = assests;
			sourceTree = "<group>";
		};
		E5C4BB9D2E20BE6A00F54927 /* base */ = {
			isa = PBXGroup;
			children = (
				E5C4BB9A2E20BE6A00F54927 /* BasePreview.swift */,
				E5C4BB9B2E20BE6A00F54927 /* BaseView.swift */,
				E5C4BB9C2E20BE6A00F54927 /* BaseViewModel.swift */,
			);
			path = base;
			sourceTree = "<group>";
		};
		E5C4BB9F2E20BE6A00F54927 /* extensions */ = {
			isa = PBXGroup;
			children = (
				E5C4BB9E2E20BE6A00F54927 /* NavigationExtension.swift */,
			);
			path = extensions;
			sourceTree = "<group>";
		};
		E5C4BBA02E20BE6A00F54927 /* core */ = {
			isa = PBXGroup;
			children = (
				E5C4BB9F2E20BE6A00F54927 /* extensions */,
			);
			path = core;
			sourceTree = "<group>";
		};
		E5C4BBA22E20BE6A00F54927 /* entities */ = {
			isa = PBXGroup;
			children = (
				E5C4BBA12E20BE6A00F54927 /* Diary.swift */,
			);
			path = entities;
			sourceTree = "<group>";
		};
		E5C4BBA32E20BE6A00F54927 /* diary */ = {
			isa = PBXGroup;
			children = (
				E5C4BBA22E20BE6A00F54927 /* entities */,
			);
			path = diary;
			sourceTree = "<group>";
		};
		E5C4BBA42E20BE6A00F54927 /* features */ = {
			isa = PBXGroup;
			children = (
				E5C4BBA32E20BE6A00F54927 /* diary */,
			);
			path = features;
			sourceTree = "<group>";
		};
		E5C4BBA82E20BE6A00F54927 /* router */ = {
			isa = PBXGroup;
			children = (
				E5C4BBA52E20BE6A00F54927 /* Router.swift */,
				E5C4BBA62E20BE6A00F54927 /* RouterView.swift */,
				E5C4BBA72E20BE6A00F54927 /* RouterViewState.swift */,
			);
			path = router;
			sourceTree = "<group>";
		};
		E5C4BBAA2E20BE6A00F54927 /* button */ = {
			isa = PBXGroup;
			children = (
				E5C4BBA92E20BE6A00F54927 /* IconButton.swift */,
			);
			path = button;
			sourceTree = "<group>";
		};
		E5C4BBAE2E20BE6A00F54927 /* components */ = {
			isa = PBXGroup;
			children = (
				E5C4BBAA2E20BE6A00F54927 /* button */,
				E5C4BBAB2E20BE6A00F54927 /* Layout.swift */,
				E5C4BBAC2E20BE6A00F54927 /* Title.swift */,
				E5C4BBAD2E20BE6A00F54927 /* Toolbar.swift */,
			);
			path = components;
			sourceTree = "<group>";
		};
		E5C4BBAF2E20BE6A00F54927 /* theme */ = {
			isa = PBXGroup;
			children = (
				E5C4BBAE2E20BE6A00F54927 /* components */,
			);
			path = theme;
			sourceTree = "<group>";
		};
		E5C4BBB02E20BE6A00F54927 /* ViewComponent */ = {
			isa = PBXGroup;
			children = (
			);
			path = ViewComponent;
			sourceTree = "<group>";
		};
		E5C4BBB22E20BE6A00F54927 /* View */ = {
			isa = PBXGroup;
			children = (
				E5C4BBB02E20BE6A00F54927 /* ViewComponent */,
				E5C4BBB12E20BE6A00F54927 /* BreathView.swift */,
			);
			path = View;
			sourceTree = "<group>";
		};
		E5C4BBB52E20BE6A00F54927 /* ViewModel */ = {
			isa = PBXGroup;
			children = (
				E5C4BBB32E20BE6A00F54927 /* BreathState.swift */,
				E5C4BBB42E20BE6A00F54927 /* BreathViewModel.swift */,
			);
			path = ViewModel;
			sourceTree = "<group>";
		};
		E5C4BBB62E20BE6A00F54927 /* breath */ = {
			isa = PBXGroup;
			children = (
				E5C4BBB22E20BE6A00F54927 /* View */,
				E5C4BBB52E20BE6A00F54927 /* ViewModel */,
			);
			path = breath;
			sourceTree = "<group>";
		};
		E5C4BBBA2E20BE6A00F54927 /* diary */ = {
			isa = PBXGroup;
			children = (
				E5C4BBE42E20BFD800F54927 /* View */,
				E5C4BBE52E20C01300F54927 /* ViewModel */,
			);
			path = diary;
			sourceTree = "<group>";
		};
		E5C4BBBF2E20BE6A00F54927 /* home */ = {
			isa = PBXGroup;
			children = (
				E5C4BBBC2E20BE6A00F54927 /* HomeVIew.swift */,
				E5C4BBBD2E20BE6A00F54927 /* HomeViewModel.swift */,
				E5C4BBBE2E20BE6A00F54927 /* HomeViewState.swift */,
			);
			path = home;
			sourceTree = "<group>";
		};
		E5C4BBC32E20BE6A00F54927 /* splash */ = {
			isa = PBXGroup;
			children = (
				E5C4BBC02E20BE6A00F54927 /* SplashView.swift */,
				E5C4BBC12E20BE6A00F54927 /* SplashViewModel.swift */,
				E5C4BBC22E20BE6A00F54927 /* SplashVIewState.swift */,
			);
			path = splash;
			sourceTree = "<group>";
		};
		E5C4BBC42E20BE6A00F54927 /* views */ = {
			isa = PBXGroup;
			children = (
				E5C4BBBA2E20BE6A00F54927 /* diary */,
				E5C4BBB62E20BE6A00F54927 /* breath */,
				E5C4BBBF2E20BE6A00F54927 /* home */,
				E5C4BBC32E20BE6A00F54927 /* splash */,
			);
			path = views;
			sourceTree = "<group>";
		};
		E5C4BBC52E20BE6A00F54927 /* presentations */ = {
			isa = PBXGroup;
			children = (
				E5C4BBA82E20BE6A00F54927 /* router */,
				E5C4BBAF2E20BE6A00F54927 /* theme */,
				E5C4BBC42E20BE6A00F54927 /* views */,
			);
			path = presentations;
			sourceTree = "<group>";
		};
		E5C4BBC72E20BE6A00F54927 /* WhatSoundStudy */ = {
			isa = PBXGroup;
			children = (
				E5C4BB9D2E20BE6A00F54927 /* base */,
				E5C4BB992E20BE6A00F54927 /* assests */,
				E5C4BBA02E20BE6A00F54927 /* core */,
				E5C4BBA42E20BE6A00F54927 /* features */,
				E5C4BBC52E20BE6A00F54927 /* presentations */,
				E5C4BBC62E20BE6A00F54927 /* Main.swift */,
			);
			path = WhatSoundStudy;
			sourceTree = "<group>";
		};
/* End PBXGroup section */

/* Begin PBXNativeTarget section */
		E537B87D2E1E8D7100309C49 /* WhatSoundStudy */ = {
			isa = PBXNativeTarget;
			buildConfigurationList = E537B8892E1E8D7200309C49 /* Build configuration list for PBXNativeTarget "WhatSoundStudy" */;
			buildPhases = (
				E537B87A2E1E8D7100309C49 /* Sources */,
				E537B87B2E1E8D7100309C49 /* Frameworks */,
				E537B87C2E1E8D7100309C49 /* Resources */,
			);
			buildRules = (
			);
			dependencies = (
			);
			fileSystemSynchronizedGroups = (
				E5C4BBE42E20BFD800F54927 /* View */,
				E5C4BBE52E20C01300F54927 /* ViewModel */,
			);
			name = WhatSoundStudy;
			packageProductDependencies = (
			);
			productName = WhatSoundStudy;
			productReference = E5C4B4EE2E1F48A400F54927 /* WhatSoundStudy.app */;
			productType = "com.apple.product-type.application";
		};
/* End PBXNativeTarget section */

/* Begin PBXProject section */
		E537B8762E1E8D7100309C49 /* Project object */ = {
			isa = PBXProject;
			attributes = {
				BuildIndependentTargetsInParallel = 1;
				LastSwiftUpdateCheck = 1640;
				LastUpgradeCheck = 1640;
				TargetAttributes = {
					E537B87D2E1E8D7100309C49 = {
						CreatedOnToolsVersion = 16.4;
					};
				};
			};
			buildConfigurationList = E537B8792E1E8D7100309C49 /* Build configuration list for PBXProject "WhatSoundStudy" */;
			developmentRegion = en;
			hasScannedForEncodings = 0;
			knownRegions = (
				en,
				Base,
			);
			mainGroup = E537B8752E1E8D7100309C49;
			minimizedProjectReferenceProxies = 1;
			preferredProjectObjectVersion = 77;
			productRefGroup = E537B8752E1E8D7100309C49;
			projectDirPath = "";
			projectRoot = "";
			targets = (
				E537B87D2E1E8D7100309C49 /* WhatSoundStudy */,
			);
		};
/* End PBXProject section */

/* Begin PBXResourcesBuildPhase section */
		E537B87C2E1E8D7100309C49 /* Resources */ = {
			isa = PBXResourcesBuildPhase;
			buildActionMask = 2147483647;
			files = (
				E5C4BBC82E20BE6A00F54927 /* Assets.xcassets in Resources */,
			);
			runOnlyForDeploymentPostprocessing = 0;
		};
/* End PBXResourcesBuildPhase section */

/* Begin PBXSourcesBuildPhase section */
		E537B87A2E1E8D7100309C49 /* Sources */ = {
			isa = PBXSourcesBuildPhase;
			buildActionMask = 2147483647;
			files = (
				E5C4BBC92E20BE6A00F54927 /* BasePreview.swift in Sources */,
				E5C4BBCA2E20BE6A00F54927 /* BaseView.swift in Sources */,
				E5C4BBCB2E20BE6A00F54927 /* BaseViewModel.swift in Sources */,
				E5C4BBCC2E20BE6A00F54927 /* NavigationExtension.swift in Sources */,
				E5C4BBCD2E20BE6A00F54927 /* Diary.swift in Sources */,
				E5C4BBCE2E20BE6A00F54927 /* Router.swift in Sources */,
				E5C4BBCF2E20BE6A00F54927 /* RouterView.swift in Sources */,
				E5C4BBD02E20BE6A00F54927 /* RouterViewState.swift in Sources */,
				E5C4BBD12E20BE6A00F54927 /* IconButton.swift in Sources */,
				E5C4BBD22E20BE6A00F54927 /* Layout.swift in Sources */,
				E5C4BBD32E20BE6A00F54927 /* Title.swift in Sources */,
				E5C4BBD42E20BE6A00F54927 /* Toolbar.swift in Sources */,
				E5C4BBD52E20BE6A00F54927 /* BreathView.swift in Sources */,
				E5C4BBD62E20BE6A00F54927 /* BreathState.swift in Sources */,
				E5C4BBD72E20BE6A00F54927 /* BreathViewModel.swift in Sources */,
				E5C4BBDB2E20BE6A00F54927 /* HomeVIew.swift in Sources */,
				E5C4BBDC2E20BE6A00F54927 /* HomeViewModel.swift in Sources */,
				E5C4BBDD2E20BE6A00F54927 /* HomeViewState.swift in Sources */,
				E5C4BBDE2E20BE6A00F54927 /* SplashView.swift in Sources */,
				E5C4BBDF2E20BE6A00F54927 /* SplashViewModel.swift in Sources */,
				E5C4BBE02E20BE6A00F54927 /* SplashVIewState.swift in Sources */,
				E5C4BBE12E20BE6A00F54927 /* Main.swift in Sources */,
			);
			runOnlyForDeploymentPostprocessing = 0;
		};
/* End PBXSourcesBuildPhase section */

/* Begin XCBuildConfiguration section */
		E537B8872E1E8D7200309C49 /* Debug */ = {
			isa = XCBuildConfiguration;
			buildSettings = {
				ALWAYS_SEARCH_USER_PATHS = NO;
				ASSETCATALOG_COMPILER_GENERATE_SWIFT_ASSET_SYMBOL_EXTENSIONS = YES;
				CLANG_ANALYZER_NONNULL = YES;
				CLANG_ANALYZER_NUMBER_OBJECT_CONVERSION = YES_AGGRESSIVE;
				CLANG_CXX_LANGUAGE_STANDARD = "gnu++20";
				CLANG_ENABLE_MODULES = YES;
				CLANG_ENABLE_OBJC_ARC = YES;
				CLANG_ENABLE_OBJC_WEAK = YES;
				CLANG_WARN_BLOCK_CAPTURE_AUTORELEASING = YES;
				CLANG_WARN_BOOL_CONVERSION = YES;
				CLANG_WARN_COMMA = YES;
				CLANG_WARN_CONSTANT_CONVERSION = YES;
				CLANG_WARN_DEPRECATED_OBJC_IMPLEMENTATIONS = YES;
				CLANG_WARN_DIRECT_OBJC_ISA_USAGE = YES_ERROR;
				CLANG_WARN_DOCUMENTATION_COMMENTS = YES;
				CLANG_WARN_EMPTY_BODY = YES;
				CLANG_WARN_ENUM_CONVERSION = YES;
				CLANG_WARN_INFINITE_RECURSION = YES;
				CLANG_WARN_INT_CONVERSION = YES;
				CLANG_WARN_NON_LITERAL_NULL_CONVERSION = YES;
				CLANG_WARN_OBJC_IMPLICIT_RETAIN_SELF = YES;
				CLANG_WARN_OBJC_LITERAL_CONVERSION = YES;
				CLANG_WARN_OBJC_ROOT_CLASS = YES_ERROR;
				CLANG_WARN_QUOTED_INCLUDE_IN_FRAMEWORK_HEADER = YES;
				CLANG_WARN_RANGE_LOOP_ANALYSIS = YES;
				CLANG_WARN_STRICT_PROTOTYPES = YES;
				CLANG_WARN_SUSPICIOUS_MOVE = YES;
				CLANG_WARN_UNGUARDED_AVAILABILITY = YES_AGGRESSIVE;
				CLANG_WARN_UNREACHABLE_CODE = YES;
				CLANG_WARN__DUPLICATE_METHOD_MATCH = YES;
				COPY_PHASE_STRIP = NO;
				DEBUG_INFORMATION_FORMAT = dwarf;
				DEVELOPMENT_TEAM = WL6LTCP7D2;
				ENABLE_STRICT_OBJC_MSGSEND = YES;
				ENABLE_TESTABILITY = YES;
				ENABLE_USER_SCRIPT_SANDBOXING = YES;
				GCC_C_LANGUAGE_STANDARD = gnu17;
				GCC_DYNAMIC_NO_PIC = NO;
				GCC_NO_COMMON_BLOCKS = YES;
				GCC_OPTIMIZATION_LEVEL = 0;
				GCC_PREPROCESSOR_DEFINITIONS = (
					"DEBUG=1",
					"$(inherited)",
				);
				GCC_WARN_64_TO_32_BIT_CONVERSION = YES;
				GCC_WARN_ABOUT_RETURN_TYPE = YES_ERROR;
				GCC_WARN_UNDECLARED_SELECTOR = YES;
				GCC_WARN_UNINITIALIZED_AUTOS = YES_AGGRESSIVE;
				GCC_WARN_UNUSED_FUNCTION = YES;
				GCC_WARN_UNUSED_VARIABLE = YES;
				IPHONEOS_DEPLOYMENT_TARGET = 18.5;
				LOCALIZATION_PREFERS_STRING_CATALOGS = YES;
				MTL_ENABLE_DEBUG_INFO = INCLUDE_SOURCE;
				MTL_FAST_MATH = YES;
				ONLY_ACTIVE_ARCH = YES;
				SDKROOT = iphoneos;
				SWIFT_ACTIVE_COMPILATION_CONDITIONS = "DEBUG $(inherited)";
				SWIFT_OPTIMIZATION_LEVEL = "-Onone";
			};
			name = Debug;
		};
		E537B8882E1E8D7200309C49 /* Release */ = {
			isa = XCBuildConfiguration;
			buildSettings = {
				ALWAYS_SEARCH_USER_PATHS = NO;
				ASSETCATALOG_COMPILER_GENERATE_SWIFT_ASSET_SYMBOL_EXTENSIONS = YES;
				CLANG_ANALYZER_NONNULL = YES;
				CLANG_ANALYZER_NUMBER_OBJECT_CONVERSION = YES_AGGRESSIVE;
				CLANG_CXX_LANGUAGE_STANDARD = "gnu++20";
				CLANG_ENABLE_MODULES = YES;
				CLANG_ENABLE_OBJC_ARC = YES;
				CLANG_ENABLE_OBJC_WEAK = YES;
				CLANG_WARN_BLOCK_CAPTURE_AUTORELEASING = YES;
				CLANG_WARN_BOOL_CONVERSION = YES;
				CLANG_WARN_COMMA = YES;
				CLANG_WARN_CONSTANT_CONVERSION = YES;
				CLANG_WARN_DEPRECATED_OBJC_IMPLEMENTATIONS = YES;
				CLANG_WARN_DIRECT_OBJC_ISA_USAGE = YES_ERROR;
				CLANG_WARN_DOCUMENTATION_COMMENTS = YES;
				CLANG_WARN_EMPTY_BODY = YES;
				CLANG_WARN_ENUM_CONVERSION = YES;
				CLANG_WARN_INFINITE_RECURSION = YES;
				CLANG_WARN_INT_CONVERSION = YES;
				CLANG_WARN_NON_LITERAL_NULL_CONVERSION = YES;
				CLANG_WARN_OBJC_IMPLICIT_RETAIN_SELF = YES;
				CLANG_WARN_OBJC_LITERAL_CONVERSION = YES;
				CLANG_WARN_OBJC_ROOT_CLASS = YES_ERROR;
				CLANG_WARN_QUOTED_INCLUDE_IN_FRAMEWORK_HEADER = YES;
				CLANG_WARN_RANGE_LOOP_ANALYSIS = YES;
				CLANG_WARN_STRICT_PROTOTYPES = YES;
				CLANG_WARN_SUSPICIOUS_MOVE = YES;
				CLANG_WARN_UNGUARDED_AVAILABILITY = YES_AGGRESSIVE;
				CLANG_WARN_UNREACHABLE_CODE = YES;
				CLANG_WARN__DUPLICATE_METHOD_MATCH = YES;
				COPY_PHASE_STRIP = NO;
				DEBUG_INFORMATION_FORMAT = "dwarf-with-dsym";
				DEVELOPMENT_TEAM = WL6LTCP7D2;
				ENABLE_NS_ASSERTIONS = NO;
				ENABLE_STRICT_OBJC_MSGSEND = YES;
				ENABLE_USER_SCRIPT_SANDBOXING = YES;
				GCC_C_LANGUAGE_STANDARD = gnu17;
				GCC_NO_COMMON_BLOCKS = YES;
				GCC_WARN_64_TO_32_BIT_CONVERSION = YES;
				GCC_WARN_ABOUT_RETURN_TYPE = YES_ERROR;
				GCC_WARN_UNDECLARED_SELECTOR = YES;
				GCC_WARN_UNINITIALIZED_AUTOS = YES_AGGRESSIVE;
				GCC_WARN_UNUSED_FUNCTION = YES;
				GCC_WARN_UNUSED_VARIABLE = YES;
				IPHONEOS_DEPLOYMENT_TARGET = 18.5;
				LOCALIZATION_PREFERS_STRING_CATALOGS = YES;
				MTL_ENABLE_DEBUG_INFO = NO;
				MTL_FAST_MATH = YES;
				SDKROOT = iphoneos;
				SWIFT_COMPILATION_MODE = wholemodule;
				VALIDATE_PRODUCT = YES;
			};
			name = Release;
		};
		E537B88A2E1E8D7200309C49 /* Debug */ = {
			isa = XCBuildConfiguration;
			buildSettings = {
				ASSETCATALOG_COMPILER_APPICON_NAME = AppIcon;
				ASSETCATALOG_COMPILER_GLOBAL_ACCENT_COLOR_NAME = AccentColor;
				CODE_SIGN_STYLE = Automatic;
				CURRENT_PROJECT_VERSION = 1;
				DEVELOPMENT_TEAM = WL6LTCP7D2;
				ENABLE_PREVIEWS = YES;
				GENERATE_INFOPLIST_FILE = YES;
				INFOPLIST_KEY_UIApplicationSceneManifest_Generation = YES;
				INFOPLIST_KEY_UIApplicationSupportsIndirectInputEvents = YES;
				INFOPLIST_KEY_UILaunchScreen_Generation = YES;
				INFOPLIST_KEY_UISupportedInterfaceOrientations_iPad = "UIInterfaceOrientationPortrait UIInterfaceOrientationPortraitUpsideDown UIInterfaceOrientationLandscapeLeft UIInterfaceOrientationLandscapeRight";
				INFOPLIST_KEY_UISupportedInterfaceOrientations_iPhone = "UIInterfaceOrientationPortrait UIInterfaceOrientationLandscapeLeft UIInterfaceOrientationLandscapeRight";
				LD_RUNPATH_SEARCH_PATHS = (
					"$(inherited)",
					"@executable_path/Frameworks",
				);
				MARKETING_VERSION = 1.0;
				PRODUCT_BUNDLE_IDENTIFIER = Isla.WhatSoundStudy;
				PRODUCT_NAME = "$(TARGET_NAME)";
				SWIFT_EMIT_LOC_STRINGS = YES;
				SWIFT_VERSION = 5.0;
				TARGETED_DEVICE_FAMILY = "1,2";
			};
			name = Debug;
		};
		E537B88B2E1E8D7200309C49 /* Release */ = {
			isa = XCBuildConfiguration;
			buildSettings = {
				ASSETCATALOG_COMPILER_APPICON_NAME = AppIcon;
				ASSETCATALOG_COMPILER_GLOBAL_ACCENT_COLOR_NAME = AccentColor;
				CODE_SIGN_STYLE = Automatic;
				CURRENT_PROJECT_VERSION = 1;
				DEVELOPMENT_TEAM = WL6LTCP7D2;
				ENABLE_PREVIEWS = YES;
				GENERATE_INFOPLIST_FILE = YES;
				INFOPLIST_KEY_UIApplicationSceneManifest_Generation = YES;
				INFOPLIST_KEY_UIApplicationSupportsIndirectInputEvents = YES;
				INFOPLIST_KEY_UILaunchScreen_Generation = YES;
				INFOPLIST_KEY_UISupportedInterfaceOrientations_iPad = "UIInterfaceOrientationPortrait UIInterfaceOrientationPortraitUpsideDown UIInterfaceOrientationLandscapeLeft UIInterfaceOrientationLandscapeRight";
				INFOPLIST_KEY_UISupportedInterfaceOrientations_iPhone = "UIInterfaceOrientationPortrait UIInterfaceOrientationLandscapeLeft UIInterfaceOrientationLandscapeRight";
				LD_RUNPATH_SEARCH_PATHS = (
					"$(inherited)",
					"@executable_path/Frameworks",
				);
				MARKETING_VERSION = 1.0;
				PRODUCT_BUNDLE_IDENTIFIER = Isla.WhatSoundStudy;
				PRODUCT_NAME = "$(TARGET_NAME)";
				SWIFT_EMIT_LOC_STRINGS = YES;
				SWIFT_VERSION = 5.0;
				TARGETED_DEVICE_FAMILY = "1,2";
			};
			name = Release;
		};
/* End XCBuildConfiguration section */

/* Begin XCConfigurationList section */
		E537B8792E1E8D7100309C49 /* Build configuration list for PBXProject "WhatSoundStudy" */ = {
			isa = XCConfigurationList;
			buildConfigurations = (
				E537B8872E1E8D7200309C49 /* Debug */,
				E537B8882E1E8D7200309C49 /* Release */,
			);
			defaultConfigurationIsVisible = 0;
			defaultConfigurationName = Release;
		};
		E537B8892E1E8D7200309C49 /* Build configuration list for PBXNativeTarget "WhatSoundStudy" */ = {
			isa = XCConfigurationList;
			buildConfigurations = (
				E537B88A2E1E8D7200309C49 /* Debug */,
				E537B88B2E1E8D7200309C49 /* Release */,
			);
			defaultConfigurationIsVisible = 0;
			defaultConfigurationName = Release;
		};
/* End XCConfigurationList section */
	};
	rootObject = E537B8762E1E8D7100309C49 /* Project object */;
}
